
Microsoft Visual Studio Solution File, Format Version 12.00
# Visual Studio Version 17
VisualStudioVersion = 17.8.34408.163
MinimumVisualStudioVersion = 10.0.40219.1
Project("{FAE04EC0-301F-11D3-BF4B-00C04F79EFBC}") = "Bloggie.Web", "Bloggie.Web\Bloggie.Web.csproj", "{3410B5FA-89A2-4C22-99C4-7B006DE148B8}"
EndProject
Global
	GlobalSection(SolutionConfigurationPlatforms) = preSolution
		Debug|Any CPU = Debug|Any CPU
		Release|Any CPU = Release|Any CPU
	EndGlobalSection
	GlobalSection(ProjectConfigurationPlatforms) = postSolution
		{3410B5FA-89A2-4C22-99C4-7B006DE148B8}.Debug|Any CPU.ActiveCfg = Debug|Any CPU
		{3410B5FA-89A2-4C22-99C4-7B006DE148B8}.Debug|Any CPU.Build.0 = Debug|Any CPU
		{3410B5FA-89A2-4C22-99C4-7B006DE148B8}.Release|Any CPU.ActiveCfg = Release|Any CPU
		{3410B5FA-89A2-4C22-99C4-7B006DE148B8}.Release|Any CPU.Build.0 = Release|Any CPU
	EndGlobalSection
	GlobalSection(SolutionProperties) = preSolution
		HideSolutionNode = FALSE
	EndGlobalSection
	GlobalSection(ExtensibilityGlobals) = postSolution
		SolutionGuid = {57D598D1-65F9-45FB-86B6-AA1489763EB7}
	EndGlobalSection
EndGlobal
